<?xml version="1.0" encoding="utf-8"?>
<Project ToolsVersion="4.0" xmlns="http://schemas.microsoft.com/developer/msbuild/2003">
  <ItemGroup>
    <Filter Include="Source Files">
      <UniqueIdentifier>{4FC737F1-C7A5-4376-A066-2A32D752A2FF}</UniqueIdentifier>
      <Extensions>cpp;c;cc;cxx;def;odl;idl;hpj;bat;asm;asmx</Extensions>
    </Filter>
    <Filter Include="Header Files">
      <UniqueIdentifier>{93995380-89BD-4b04-88EB-625FBE52EBFB}</UniqueIdentifier>
      <Extensions>h;hh;hpp;hxx;hm;inl;inc;xsd</Extensions>
    </Filter>
    <Filter Include="Resource Files">
      <UniqueIdentifier>{67DA6AB6-F800-4c08-8B7A-83BB121AAD01}</UniqueIdentifier>
      <Extensions>rc;ico;cur;bmp;dlg;rc2;rct;bin;rgs;gif;jpg;jpeg;jpe;resx;tiff;tif;png;wav;mfcribbon-ms</Extensions>
    </Filter>
    <Filter Include="Header Files\steam">
      <UniqueIdentifier>{516cf6d8-d033-49f1-a0ee-99cd664a62e4}</UniqueIdentifier>
    </Filter>
  </ItemGroup>
  <ItemGroup>
    <ClInclude Include="inc\steam\isteamapplist.h">
      <Filter>Header Files\steam</Filter>
    </ClInclude>
    <ClInclude Include="inc\steam\isteamapps.h">
      <Filter>Header Files\steam</Filter>
    </ClInclude>
    <ClInclude Include="inc\steam\isteamappticket.h">
      <Filter>Header Files\steam</Filter>
    </ClInclude>
    <ClInclude Include="inc\steam\isteamclient.h">
      <Filter>Header Files\steam</Filter>
    </ClInclude>
    <ClInclude Include="inc\steam\isteamcontroller.h">
      <Filter>Header Files\steam</Filter>
    </ClInclude>
    <ClInclude Include="inc\steam\isteamfriends.h">
      <Filter>Header Files\steam</Filter>
    </ClInclude>
    <ClInclude Include="inc\steam\isteamgamecoordinator.h">
      <Filter>Header Files\steam</Filter>
    </ClInclude>
    <ClInclude Include="inc\steam\isteamgameserver.h">
      <Filter>Header Files\steam</Filter>
    </ClInclude>
    <ClInclude Include="inc\steam\isteamgameserverstats.h">
      <Filter>Header Files\steam</Filter>
    </ClInclude>
    <ClInclude Include="inc\steam\isteamhtmlsurface.h">
      <Filter>Header Files\steam</Filter>
    </ClInclude>
    <ClInclude Include="inc\steam\isteamhttp.h">
      <Filter>Header Files\steam</Filter>
    </ClInclude>
    <ClInclude Include="inc\steam\isteaminventory.h">
      <Filter>Header Files\steam</Filter>
    </ClInclude>
    <ClInclude Include="inc\steam\isteammasterserverupdater.h">
      <Filter>Header Files\steam</Filter>
    </ClInclude>
    <ClInclude Include="inc\steam\isteammatchmaking.h">
      <Filter>Header Files\steam</Filter>
    </ClInclude>
    <ClInclude Include="inc\steam\isteammusic.h">
      <Filter>Header Files\steam</Filter>
    </ClInclude>
    <ClInclude Include="inc\steam\isteammusicremote.h">
      <Filter>Header Files\steam</Filter>
    </ClInclude>
    <ClInclude Include="inc\steam\isteamnetworking.h">
      <Filter>Header Files\steam</Filter>
    </ClInclude>
    <ClInclude Include="inc\steam\isteamps3overlayrenderer.h">
      <Filter>Header Files\steam</Filter>
    </ClInclude>
    <ClInclude Include="inc\steam\isteamremotestorage.h">
      <Filter>Header Files\steam</Filter>
    </ClInclude>
    <ClInclude Include="inc\steam\isteamscreenshots.h">
      <Filter>Header Files\steam</Filter>
    </ClInclude>
    <ClInclude Include="inc\steam\isteamugc.h">
      <Filter>Header Files\steam</Filter>
    </ClInclude>
    <ClInclude Include="inc\steam\isteamunifiedmessages.h">
      <Filter>Header Files\steam</Filter>
    </ClInclude>
    <ClInclude Include="inc\steam\isteamuser.h">
      <Filter>Header Files\steam</Filter>
    </ClInclude>
    <ClInclude Include="inc\steam\isteamuserstats.h">
      <Filter>Header Files\steam</Filter>
    </ClInclude>
    <ClInclude Include="inc\steam\isteamutils.h">
      <Filter>Header Files\steam</Filter>
    </ClInclude>
    <ClInclude Include="inc\steam\isteamvideo.h">
      <Filter>Header Files\steam</Filter>
    </ClInclude>
    <ClInclude Include="inc\steam\matchmakingtypes.h">
      <Filter>Header Files\steam</Filter>
    </ClInclude>
    <ClInclude Include="inc\steam\steam_api.h">
      <Filter>Header Files\steam</Filter>
    </ClInclude>
    <ClInclude Include="inc\steam\steam_api_flat.h">
      <Filter>Header Files\steam</Filter>
    </ClInclude>
    <ClInclude Include="inc\steam\steam_api_internal.h">
      <Filter>Header Files\steam</Filter>
    </ClInclude>
    <ClInclude Include="inc\steam\steam_gameserver.h">
      <Filter>Header Files\steam</Filter>
    </ClInclude>
    <ClInclude Include="inc\steam\steamclientpublic.h">
      <Filter>Header Files\steam</Filter>
    </ClInclude>
    <ClInclude Include="inc\steam\steamencryptedappticket.h">
      <Filter>Header Files\steam</Filter>
    </ClInclude>
    <ClInclude Include="inc\steam\steamhttpenums.h">
      <Filter>Header Files\steam</Filter>
    </ClInclude>
    <ClInclude Include="inc\steam\steamps3params.h">
      <Filter>Header Files\steam</Filter>
    </ClInclude>
    <ClInclude Include="inc\steam\steamtypes.h">
      <Filter>Header Files\steam</Filter>
    </ClInclude>
    <ClInclude Include="inc\steam\steamuniverse.h">
      <Filter>Header Files\steam</Filter>
    </ClInclude>
    <ClInclude Include="inc\Common.h">
      <Filter>Header Files</Filter>
    </ClInclude>
    <ClInclude Include="inc\Friends.h">
      <Filter>Header Files</Filter>
    </ClInclude>
    <ClInclude Include="inc\IUnityInterface.h">
      <Filter>Header Files</Filter>
    </ClInclude>
    <ClInclude Include="inc\Leaderboard.h">
      <Filter>Header Files</Filter>
    </ClInclude>
    <ClInclude Include="inc\SteamworksWrapper.h">
      <Filter>Header Files</Filter>
    </ClInclude>
    <ClInclude Include="inc\User.h">
      <Filter>Header Files</Filter>
    </ClInclude>
    <ClInclude Include="inc\UserStats.h">
      <Filter>Header Files</Filter>
    </ClInclude>
    <ClInclude Include="inc\UGC.h">
      <Filter>Header Files</Filter>
    </ClInclude>
  </ItemGroup>
  <ItemGroup>
    <None Include="inc\steam\steam_api.json">
      <Filter>Header Files\steam</Filter>
    </None>
    <None Include="inc\steam\steam_api_interop.cs">
      <Filter>Header Files\steam</Filter>
    </None>
  </ItemGroup>
  <ItemGroup>
    <ClCompile Include="src\Friends.cpp">
      <Filter>Source Files</Filter>
    </ClCompile>
    <ClCompile Include="src\Leaderboard.cpp">
      <Filter>Source Files</Filter>
    </ClCompile>
    <ClCompile Include="src\SteamworksWrapper.cpp">
      <Filter>Source Files</Filter>
    </ClCompile>
    <ClCompile Include="src\User.cpp">
      <Filter>Source Files</Filter>
    </ClCompile>
    <ClCompile Include="src\UserStats.cpp">
      <Filter>Source Files</Filter>
    </ClCompile>
    <ClCompile Include="src\UGC.cpp">
      <Filter>Source Files</Filter>
    </ClCompile>
    <ClCompile Include="src\Common.cpp">
      <Filter>Source Files</Filter>
    </ClCompile>
  </ItemGroup>
</Project>